
Microsoft Visual Studio Solution File, Format Version 12.00
# Visual Studio Version 17
VisualStudioVersion = 17.9.34728.123
MinimumVisualStudioVersion = 10.0.40219.1
Project("{FAE04EC0-301F-11D3-BF4B-00C04F79EFBC}") = "Lab7_Git", "Lab7_Git\Lab7_Git.csproj", "{76806562-B9A4-4073-A8DB-BA9C9C903136}"
EndProject
Global
	GlobalSection(SolutionConfigurationPlatforms) = preSolution
		Debug|Any CPU = Debug|Any CPU
		Release|Any CPU = Release|Any CPU
	EndGlobalSection
	GlobalSection(ProjectConfigurationPlatforms) = postSolution
		{76806562-B9A4-4073-A8DB-BA9C9C903136}.Debug|Any CPU.ActiveCfg = Debug|Any CPU
		{76806562-B9A4-4073-A8DB-BA9C9C903136}.Debug|Any CPU.Build.0 = Debug|Any CPU
		{76806562-B9A4-4073-A8DB-BA9C9C903136}.Release|Any CPU.ActiveCfg = Release|Any CPU
		{76806562-B9A4-4073-A8DB-BA9C9C903136}.Release|Any CPU.Build.0 = Release|Any CPU
	EndGlobalSection
	GlobalSection(SolutionProperties) = preSolution
		HideSolutionNode = FALSE
	EndGlobalSection
	GlobalSection(ExtensibilityGlobals) = postSolution
		SolutionGuid = {77BF7EB6-DC1D-47DB-B59B-46C2385ECD32}
	EndGlobalSection
EndGlobal
